
Microsoft Visual Studio Solution File, Format Version 12.00
# Visual Studio Version 16
VisualStudioVersion = 16.0.810.16
MinimumVisualStudioVersion = 10.0.40219.1
Project("{FAE04EC0-301F-11D3-BF4B-00C04F79EFBC}") = "SourceCode", "SourceCode.csproj", "{4D04ADCD-BDCF-4AEE-84D5-0E6A4AA93475}"
EndProject
Project("{FAE04EC0-301F-11D3-BF4B-00C04F79EFBC}") = "Tests", "..\test\Tests.csproj", "{4A6A5525-B056-496B-A114-B6C88CB30222}"
EndProject
Global
	GlobalSection(SolutionConfigurationPlatforms) = preSolution
		Debug|Any CPU = Debug|Any CPU
		Release|Any CPU = Release|Any CPU
	EndGlobalSection
	GlobalSection(ProjectConfigurationPlatforms) = postSolution
		{4D04ADCD-BDCF-4AEE-84D5-0E6A4AA93475}.Debug|Any CPU.ActiveCfg = Debug|Any CPU
		{4D04ADCD-BDCF-4AEE-84D5-0E6A4AA93475}.Debug|Any CPU.Build.0 = Debug|Any CPU
		{4D04ADCD-BDCF-4AEE-84D5-0E6A4AA93475}.Release|Any CPU.ActiveCfg = Release|Any CPU
		{4D04ADCD-BDCF-4AEE-84D5-0E6A4AA93475}.Release|Any CPU.Build.0 = Release|Any CPU
		{4A6A5525-B056-496B-A114-B6C88CB30222}.Debug|Any CPU.ActiveCfg = Debug|Any CPU
		{4A6A5525-B056-496B-A114-B6C88CB30222}.Debug|Any CPU.Build.0 = Debug|Any CPU
		{4A6A5525-B056-496B-A114-B6C88CB30222}.Release|Any CPU.ActiveCfg = Release|Any CPU
		{4A6A5525-B056-496B-A114-B6C88CB30222}.Release|Any CPU.Build.0 = Release|Any CPU
	EndGlobalSection
	GlobalSection(SolutionProperties) = preSolution
		HideSolutionNode = FALSE
	EndGlobalSection
	GlobalSection(ExtensibilityGlobals) = postSolution
		SolutionGuid = {1CC8AC06-2705-46A3-8963-35171899CDBB}
	EndGlobalSection
EndGlobal
